{
  "R": {
    "Version": "3.5.1",
    "Repositories": [
      {
        "Name": "CRAN",
        "URL": "https://cran.rstudio.com"
      }
    ]
  },
  "Packages": {
    "BH": {
      "Package": "BH",
      "Version": "1.69.0-1",
      "Source": "Repository",
      "Repository": "CRAN",
      "Hash": "f4605d46264b35f53072fc9ee7ace15f"
    },
    "DT": {
      "Package": "DT",
      "Version": "0.4",
      "Source": "Repository",
      "Repository": "CRAN",
      "Hash": "a63c630223142341ab8d3f3f82046abc"
    },
    "MASS": {
      "Package": "MASS",
      "Version": "7.3-50",
      "Source": "Repository",
      "Repository": "CRAN",
      "Hash": "b24dc52a732ee76079252f793c210b37"
    },
    "Matrix": {
      "Package": "Matrix",
      "Version": "1.2-14",
      "Source": "Repository",
      "Repository": "CRAN",
      "Hash": "e84dcbc31943fe880bbb80fd59baca6d"
    },
    "R.cache": {
      "Package": "R.cache",
      "Version": "0.14.0",
      "Source": "Repository",
      "Repository": "CRAN",
      "Hash": "1ca02d43e1a4d49e616bd23bb39b17e6"
    },
    "R.methodsS3": {
      "Package": "R.methodsS3",
      "Version": "1.8.1",
      "Source": "Repository",
      "Repository": "CRAN",
      "Hash": "4bf6453323755202d5909697b6f7c109"
    },
    "R.oo": {
      "Package": "R.oo",
      "Version": "1.24.0",
      "Source": "Repository",
      "Repository": "CRAN",
      "Hash": "5709328352717e2f0a9c012be8a97554"
    },
    "R.utils": {
      "Package": "R.utils",
      "Version": "2.10.1",
      "Source": "Repository",
      "Repository": "CRAN",
      "Hash": "a9e316277ff12a43997266f2f6567780"
    },
    "R6": {
      "Package": "R6",
      "Version": "2.4.0",
      "Source": "Repository",
      "Repository": "CRAN",
      "Hash": "d4618c4cb36bc46831551c5d85815818"
    },
    "RColorBrewer": {
      "Package": "RColorBrewer",
      "Version": "1.1-2",
      "Source": "Repository",
      "Repository": "CRAN",
      "Hash": "e031418365a7f7a766181ab5a41a5716"
    },
    "Rcpp": {
      "Package": "Rcpp",
      "Version": "1.0.1",
      "Source": "Repository",
      "Repository": "CRAN",
      "Hash": "d5ae8445d4972caed1c5517ffae908d7"
    },
    "askpass": {
      "Package": "askpass",
      "Version": "1.1",
      "Source": "Repository",
      "Repository": "CRAN",
      "Hash": "e8a22846fff485f0be3770c2da758713"
    },
    "assertthat": {
      "Package": "assertthat",
      "Version": "0.2.1",
      "Source": "Repository",
      "Repository": "CRAN",
      "Hash": "50c838a310445e954bc13f26f26a6ecf"
    },
    "backports": {
      "Package": "backports",
      "Version": "1.1.4",
      "Source": "Repository",
      "Repository": "CRAN",
      "Hash": "b9a4db2667d7e43d197ed12e40781889"
    },
    "cli": {
      "Package": "cli",
      "Version": "1.1.0",
      "Source": "Repository",
      "Repository": "CRAN",
      "Hash": "44036d89d2bbffdbf1a9698cc86d0976"
    },
    "colorspace": {
      "Package": "colorspace",
      "Version": "1.3-2",
      "Source": "Repository",
      "Repository": "CRAN",
      "Hash": "538e05e27bc9ad472173fb983c32b08d"
    },
    "crayon": {
      "Package": "crayon",
      "Version": "1.3.4",
      "Source": "Repository",
      "Repository": "CRAN",
      "Hash": "0d57bc8e27b7ba9e45dba825ebc0de6b"
    },
    "crosstalk": {
      "Package": "crosstalk",
      "Version": "1.0.0",
      "Source": "Repository",
      "Repository": "CRAN",
      "Hash": "4ac529753d1e529966ef675d7f0c762b"
    },
    "curl": {
      "Package": "curl",
      "Version": "4.3",
      "Source": "Repository",
      "Repository": "CRAN",
      "Hash": "2b7d10581cc730804e9ed178c8374bd6"
    },
    "data.table": {
      "Package": "data.table",
      "Version": "1.13.4",
      "Source": "Repository",
      "Repository": "CRAN",
      "Hash": "626afb25b020646f53105e6485e695c6"
    },
    "digest": {
      "Package": "digest",
      "Version": "0.6.20",
      "Source": "Repository",
      "Repository": "CRAN",
      "Hash": "04899fc74469d15242675fa2103ad682"
    },
    "dplyr": {
      "Package": "dplyr",
      "Version": "1.0.2",
      "Source": "Repository",
      "Repository": "CRAN",
      "Hash": "d0509913b27ea898189ee664b6030dc2"
    },
    "ellipsis": {
      "Package": "ellipsis",
      "Version": "0.2.0.1",
      "Source": "Repository",
      "Repository": "CRAN",
      "Hash": "9e51c34725ddb3d04968a5bf37363200"
    },
    "fansi": {
      "Package": "fansi",
      "Version": "0.4.0",
      "Source": "Repository",
      "Repository": "CRAN",
      "Hash": "b31d9e5d051553d1177083aeba04b5b9"
    },
    "fastmap": {
      "Package": "fastmap",
      "Version": "1.0.1",
      "Source": "Repository",
      "Repository": "CRAN",
      "Hash": "83ab58a0518afe3d17e41da01af13b60"
    },
    "generics": {
      "Package": "generics",
      "Version": "0.1.0",
      "Source": "Repository",
      "Repository": "CRAN",
      "Hash": "4d243a9c10b00589889fe32314ffd902"
    },
    "ggplot2": {
      "Package": "ggplot2",
      "Version": "3.0.0",
      "Source": "Repository",
      "Repository": "CRAN",
      "Hash": "a6d73053a588981f082f095592c93050"
    },
    "glue": {
      "Package": "glue",
      "Version": "1.4.2",
      "Source": "Repository",
      "Repository": "CRAN",
      "Hash": "6efd734b14c6471cfe443345f3e35e29"
    },
    "gtable": {
      "Package": "gtable",
      "Version": "0.2.0",
      "Source": "Repository",
      "Repository": "CRAN",
      "Hash": "8816a66528f6507ccb362429ca6e095a"
    },
    "htmltools": {
      "Package": "htmltools",
      "Version": "0.4.0",
      "Source": "Repository",
      "Repository": "CRAN",
      "Hash": "2d7691222f82f41e93f6d30f169bd5e1"
    },
    "htmlwidgets": {
      "Package": "htmlwidgets",
      "Version": "1.3",
      "Source": "Repository",
      "Repository": "CRAN",
      "Hash": "0c8df16eba2c955487aad63a7e7051a6"
    },
    "httpuv": {
      "Package": "httpuv",
      "Version": "1.5.2",
      "Source": "Repository",
      "Repository": "CRAN",
      "Hash": "f793dad2c9ae14fbb1d22f16f23f8326"
    },
    "jsonlite": {
      "Package": "jsonlite",
      "Version": "1.6",
      "Source": "Repository",
      "Repository": "CRAN",
      "Hash": "bc5739654d032acf531356e32e0d0f54"
    },
    "labeling": {
      "Package": "labeling",
      "Version": "0.3",
      "Source": "Repository",
      "Repository": "CRAN",
      "Hash": "73832978c1de350df58108c745ed0e3e"
    },
    "later": {
      "Package": "later",
      "Version": "1.0.0",
      "Source": "Repository",
      "Repository": "CRAN",
      "Hash": "6d927978fc658d24175ce37db635f9e5"
    },
    "lattice": {
      "Package": "lattice",
      "Version": "0.20-35",
      "Source": "Repository",
      "Repository": "CRAN",
      "Hash": "10a22a9a66fbe7944e9ef98985d7c927"
    },
    "lazyeval": {
      "Package": "lazyeval",
      "Version": "0.2.1",
      "Source": "Repository",
      "Repository": "CRAN",
      "Hash": "ea5964121f493fb3057e9887d424f634"
    },
    "lifecycle": {
      "Package": "lifecycle",
      "Version": "0.2.0",
      "Source": "Repository",
      "Repository": "CRAN",
      "Hash": "361811f31f71f8a617a9a68bf63f1f42"
    },
    "magrittr": {
      "Package": "magrittr",
      "Version": "1.5",
      "Source": "Repository",
      "Repository": "CRAN",
      "Hash": "1bb58822a20301cee84a41678e25d9b7"
    },
    "mgcv": {
      "Package": "mgcv",
      "Version": "1.8-24",
      "Source": "Repository",
      "Repository": "CRAN",
      "Hash": "b71c00b21c099b3f4beca9d784ad7ec4"
    },
    "mime": {
      "Package": "mime",
      "Version": "0.7",
      "Source": "Repository",
      "Repository": "CRAN",
      "Hash": "f085cb5d1548336cafa5ee7ec56d7e34"
    },
    "munsell": {
      "Package": "munsell",
      "Version": "0.5.0",
      "Source": "Repository",
      "Repository": "CRAN",
      "Hash": "6dfe8bf774944bd5595785e3229d8771"
    },
    "nlme": {
      "Package": "nlme",
      "Version": "3.1-137",
      "Source": "Repository",
      "Repository": "CRAN",
      "Hash": "4320ab595f7bbff5458bc6a044a57fc0"
    },
    "openssl": {
      "Package": "openssl",
      "Version": "1.4.3",
      "Source": "Repository",
      "Repository": "CRAN",
      "Hash": "a399e4773075fc2375b71f45fca186c4"
    },
    "packrat": {
      "Package": "packrat",
      "Version": "0.5.0",
      "Source": "Repository",
      "Repository": "CRAN",
      "Hash": "2ebd34a38f4248281096cc723535b66d"
    },
    "pillar": {
      "Package": "pillar",
      "Version": "1.4.2",
      "Source": "Repository",
      "Repository": "CRAN",
      "Hash": "9f20924c27aee3d09296c22fb84bc9de"
    },
    "pkgconfig": {
      "Package": "pkgconfig",
      "Version": "2.0.2",
      "Source": "Repository",
      "Repository": "CRAN",
      "Hash": "f5940986fb19bcef52284068baeb3f29"
    },
    "plyr": {
      "Package": "plyr",
      "Version": "1.8.4",
      "Source": "Repository",
      "Repository": "CRAN",
      "Hash": "23026346e3e0f023f326919320627a01"
    },
    "promises": {
      "Package": "promises",
      "Version": "1.1.0",
      "Source": "Repository",
      "Repository": "CRAN",
      "Hash": "efbbe62da4709f7040a380c702bc7103"
    },
    "purrr": {
      "Package": "purrr",
      "Version": "0.3.4",
      "Source": "Repository",
      "Repository": "CRAN",
      "Hash": "97def703420c8ab10d8f0e6c72101e02"
    },
    "rappdirs": {
      "Package": "rappdirs",
      "Version": "0.3.1",
      "Source": "Repository",
      "Repository": "CRAN",
      "Hash": "8c8298583adbbe76f3c2220eef71bebc"
    },
    "rematch2": {
      "Package": "rematch2",
      "Version": "2.1.2",
      "Source": "Repository",
      "Repository": "CRAN",
      "Hash": "76c9e04c712a05848ae7a23d2f170a40"
    },
    "renv": {
      "Package": "renv",
      "Version": "0.12.3",
      "Source": "Repository",
      "Repository": "CRAN",
      "Hash": "b5510c50c7f31d453c385c7b460af2b9"
    },
    "reshape2": {
      "Package": "reshape2",
      "Version": "1.4.3",
      "Source": "Repository",
      "Repository": "CRAN",
      "Hash": "15a23ad30f51789188e439599559815c"
    },
    "reticulate": {
      "Package": "reticulate",
      "Version": "1.18",
      "Source": "Repository",
      "Repository": "CRAN",
      "Hash": "fbd35cac6ae7554d0e4f440bca1adf3a"
    },
    "rlang": {
      "Package": "rlang",
      "Version": "0.4.9",
      "Source": "Repository",
      "Repository": "CRAN",
      "Hash": "9d7aba7bed9a79e2403b4777428a2b12"
    },
    "rprojroot": {
      "Package": "rprojroot",
      "Version": "2.0.2",
      "Source": "Repository",
      "Repository": "CRAN",
      "Hash": "249d8cd1e74a8f6a26194a91b47f21d1"
    },
    "rsconnect": {
      "Package": "rsconnect",
      "Version": "0.8.16-9002",
      "Source": "GitHub",
      "RemoteType": "github",
      "RemoteHost": "api.github.com",
      "RemoteUsername": "rstudio",
      "RemoteRepo": "rsconnect",
      "RemoteRef": "master",
      "RemoteSha": "c64f5af067e3cbef6732c7847af8d9548398ad31",
      "Hash": "94c420784ce3d20897c3531885645314"
    },
    "rstudioapi": {
      "Package": "rstudioapi",
      "Version": "0.13",
      "Source": "Repository",
      "Repository": "CRAN",
      "Hash": "06c85365a03fdaf699966cc1d3cf53ea"
    },
    "scales": {
      "Package": "scales",
      "Version": "1.0.0",
      "Source": "Repository",
      "Repository": "CRAN",
      "Hash": "2e46c8ab2c109085d5b3a775ea2df19c"
    },
    "shiny": {
      "Package": "shiny",
      "Version": "1.4.0",
      "Source": "Repository",
      "Repository": "CRAN",
      "Hash": "6ca23724bb2c804c1d0b3db4862a39c7"
    },
    "shinyAce": {
      "Package": "shinyAce",
      "Version": "0.4.1",
      "Source": "Repository",
      "Repository": "CRAN",
      "Hash": "402073a8a045c9f5ea096ed94e01d9ce"
    },
    "shinyBS": {
      "Package": "shinyBS",
      "Version": "0.61",
      "Source": "Repository",
      "Repository": "CRAN",
      "Hash": "f895dafd39733c4a70d425f605a832e7"
    },
    "shinyWidgets": {
      "Package": "shinyWidgets",
      "Version": "0.5.4",
      "Source": "Repository",
      "Repository": "CRAN",
      "Hash": "2d537ac92c7ad118263cbd797c07f180"
    },
    "shinycssloaders": {
      "Package": "shinycssloaders",
      "Version": "1.0.0",
      "Source": "Repository",
      "Repository": "CRAN",
      "Hash": "f39bb3c44a9b496723ec7e86f9a771d8"
    },
    "shinydashboard": {
      "Package": "shinydashboard",
      "Version": "0.7.0",
      "Source": "Repository",
      "Repository": "CRAN",
      "Hash": "087d8e99d540dbb6d3fcc7e9facd855a"
    },
    "shinydashboardPlus": {
      "Package": "shinydashboardPlus",
      "Version": "0.7.5",
      "Source": "Repository",
      "Repository": "CRAN",
      "Hash": "c83d818e606a67feee9c3afe5b579a1d"
    },
    "shinyjqui": {
      "Package": "shinyjqui",
      "Version": "0.3.3",
      "Source": "Repository",
      "Repository": "CRAN",
      "Hash": "e53b887337af83e1f6213d0e83640968"
    },
    "shinyjs": {
      "Package": "shinyjs",
      "Version": "2.0.0",
      "Source": "Repository",
      "Repository": "CRAN",
      "Hash": "9ddfc91d4280eaa34c2103951538976f"
    },
    "sourcetools": {
      "Package": "sourcetools",
      "Version": "0.1.7",
      "Source": "Repository",
      "Repository": "CRAN",
      "Hash": "947e4e02a79effa5d512473e10f41797"
    },
    "stringi": {
      "Package": "stringi",
      "Version": "1.4.3",
      "Source": "Repository",
      "Repository": "CRAN",
      "Hash": "74a50760af835563fb2c124e66aa134e"
    },
    "stringr": {
      "Package": "stringr",
      "Version": "1.4.0",
      "Source": "Repository",
      "Repository": "CRAN",
      "Hash": "0759e6b6c0957edb1311028a49a35e76"
    },
    "styler": {
      "Package": "styler",
      "Version": "1.3.2",
      "Source": "Repository",
      "Repository": "CRAN",
      "Hash": "60b23effde8d08a56a64ebeb92a32749"
    },
    "sys": {
      "Package": "sys",
      "Version": "3.4",
      "Source": "Repository",
      "Repository": "CRAN",
      "Hash": "b227d13e29222b4574486cfcbde077fa"
    },
    "tibble": {
      "Package": "tibble",
      "Version": "2.1.3",
      "Source": "Repository",
      "Repository": "CRAN",
      "Hash": "8248ee35d1e15d1e506f05f5a5d46a75"
    },
    "tidyselect": {
      "Package": "tidyselect",
      "Version": "1.1.0",
      "Source": "Repository",
      "Repository": "CRAN",
      "Hash": "6ea435c354e8448819627cf686f66e0a"
    },
    "utf8": {
      "Package": "utf8",
      "Version": "1.1.4",
      "Source": "Repository",
      "Repository": "CRAN",
      "Hash": "4a5081acfb7b81a572e4384a7aaf2af1"
    },
    "vctrs": {
      "Package": "vctrs",
      "Version": "0.3.6",
      "Source": "Repository",
      "Repository": "CRAN",
      "Hash": "5cf1957f93076c19fdc81d01409d240b"
    },
    "viridisLite": {
      "Package": "viridisLite",
      "Version": "0.3.0",
      "Source": "Repository",
      "Repository": "CRAN",
      "Hash": "ce4f6271baa94776db692f1cb2055bee"
    },
    "withr": {
      "Package": "withr",
      "Version": "2.1.2",
      "Source": "Repository",
      "Repository": "CRAN",
      "Hash": "aa57ed55ff2df4bea697a07df528993d"
    },
    "xfun": {
      "Package": "xfun",
      "Version": "0.19",
      "Source": "Repository",
      "Repository": "CRAN",
      "Hash": "a42372606cb76f34da9d090326e9f955"
    },
    "xtable": {
      "Package": "xtable",
      "Version": "1.8-3",
      "Source": "Repository",
      "Repository": "CRAN",
      "Hash": "7f777cd034efddabf07fcaf2f287ec43"
    },
    "yaml": {
      "Package": "yaml",
      "Version": "2.2.0",
      "Source": "Repository",
      "Repository": "CRAN",
      "Hash": "c78bdf1d16bd4ec7ecc86c6986d53309"
    }
  }
}
